
Microsoft Visual Studio Solution File, Format Version 12.00
# Visual Studio Version 17
VisualStudioVersion = 17.11.35312.102
MinimumVisualStudioVersion = 10.0.40219.1
Project("{888888A0-9F3D-457C-B088-3A5042F75D52}") = "SeleniumPythonPracticeProject", "SeleniumPythonPracticeProject\SeleniumPythonPracticeProject.pyproj", "{169965AF-F79D-4206-9F12-8C92C4C9CF50}"
EndProject
Global
	GlobalSection(SolutionConfigurationPlatforms) = preSolution
		Debug|Any CPU = Debug|Any CPU
		Release|Any CPU = Release|Any CPU
	EndGlobalSection
	GlobalSection(ProjectConfigurationPlatforms) = postSolution
		{169965AF-F79D-4206-9F12-8C92C4C9CF50}.Debug|Any CPU.ActiveCfg = Debug|Any CPU
		{169965AF-F79D-4206-9F12-8C92C4C9CF50}.Release|Any CPU.ActiveCfg = Release|Any CPU
	EndGlobalSection
	GlobalSection(SolutionProperties) = preSolution
		HideSolutionNode = FALSE
	EndGlobalSection
	GlobalSection(ExtensibilityGlobals) = postSolution
		SolutionGuid = {08C94450-0534-4907-890F-CE0BBD3F1709}
	EndGlobalSection
EndGlobal
